
Microsoft Visual Studio Solution File, Format Version 10.00
# Visual Studio 2008
Project("{8BC9CEB8-8B4A-11D0-8D11-00A0C91BC942}") = "StateMachine", "StateMachine\StateMachine.vcproj", "{BDA712C6-CB01-4B4D-86EA-7EF6BCEA751E}"
EndProject
Global
	GlobalSection(SolutionConfigurationPlatforms) = preSolution
		Debug|Win32 = Debug|Win32
		Release|Win32 = Release|Win32
	EndGlobalSection
	GlobalSection(ProjectConfigurationPlatforms) = postSolution
		{BDA712C6-CB01-4B4D-86EA-7EF6BCEA751E}.Debug|Win32.ActiveCfg = Debug|Win32
		{BDA712C6-CB01-4B4D-86EA-7EF6BCEA751E}.Debug|Win32.Build.0 = Debug|Win32
		{BDA712C6-CB01-4B4D-86EA-7EF6BCEA751E}.Release|Win32.ActiveCfg = Release|Win32
		{BDA712C6-CB01-4B4D-86EA-7EF6BCEA751E}.Release|Win32.Build.0 = Release|Win32
	EndGlobalSection
	GlobalSection(SolutionProperties) = preSolution
		HideSolutionNode = FALSE
	EndGlobalSection
EndGlobal
