
Microsoft Visual Studio Solution File, Format Version 10.00
# Visual Studio 2008
Project("{8BC9CEB8-8B4A-11D0-8D11-00A0C91BC942}") = "GazEngine", "GazEngine\GazEngine.vcproj", "{E5BD1504-070F-408F-A64C-C853998B2323}"
EndProject
Project("{8BC9CEB8-8B4A-11D0-8D11-00A0C91BC942}") = "GazEngine-WinApi", "GazEngine-WinApi\GazEngine-WinApi.vcproj", "{4BA62B16-022C-4695-9D4A-6898D791A252}"
EndProject
Project("{8BC9CEB8-8B4A-11D0-8D11-00A0C91BC942}") = "GazEngine-GDI", "GazEngine-GDI\GazEngine-GDI.vcproj", "{A0E8D1E6-DDAB-4084-A736-7D1583510BBB}"
EndProject
Project("{8BC9CEB8-8B4A-11D0-8D11-00A0C91BC942}") = "GazEngine-Direct3D", "GazEngine-Direct3D\GazEngine-Direct3D.vcproj", "{672C4A05-B20F-4365-B265-6ADDE567466D}"
EndProject
Project("{8BC9CEB8-8B4A-11D0-8D11-00A0C91BC942}") = "GazEngine-OpenGL", "GazEngine-OpenGL\GazEngine-OpenGL.vcproj", "{F2CA2A72-D1C6-462F-90D8-EB14A56897FD}"
EndProject
Project("{8BC9CEB8-8B4A-11D0-8D11-00A0C91BC942}") = "GazEngine-FreeGLUT", "GazEngine-FreeGLUT\GazEngine-FreeGLUT.vcproj", "{6BED7B85-23E2-4D04-A097-21ED8E4C9E0A}"
EndProject
Project("{8BC9CEB8-8B4A-11D0-8D11-00A0C91BC942}") = "Tut 004.1", "Tut 004.1\Tut 004.1.vcproj", "{B5495829-E18F-4373-9051-8716AFA6BC97}"
	ProjectSection(ProjectDependencies) = postProject
		{E5BD1504-070F-408F-A64C-C853998B2323} = {E5BD1504-070F-408F-A64C-C853998B2323}
		{672C4A05-B20F-4365-B265-6ADDE567466D} = {672C4A05-B20F-4365-B265-6ADDE567466D}
		{4BA62B16-022C-4695-9D4A-6898D791A252} = {4BA62B16-022C-4695-9D4A-6898D791A252}
		{F2CA2A72-D1C6-462F-90D8-EB14A56897FD} = {F2CA2A72-D1C6-462F-90D8-EB14A56897FD}
		{6BED7B85-23E2-4D04-A097-21ED8E4C9E0A} = {6BED7B85-23E2-4D04-A097-21ED8E4C9E0A}
		{A0E8D1E6-DDAB-4084-A736-7D1583510BBB} = {A0E8D1E6-DDAB-4084-A736-7D1583510BBB}
	EndProjectSection
EndProject
Global
	GlobalSection(SolutionConfigurationPlatforms) = preSolution
		Debug|Win32 = Debug|Win32
		DebugServer|Win32 = DebugServer|Win32
		Release|Win32 = Release|Win32
		ReleaseServer|Win32 = ReleaseServer|Win32
	EndGlobalSection
	GlobalSection(ProjectConfigurationPlatforms) = postSolution
		{E5BD1504-070F-408F-A64C-C853998B2323}.Debug|Win32.ActiveCfg = Debug|Win32
		{E5BD1504-070F-408F-A64C-C853998B2323}.Debug|Win32.Build.0 = Debug|Win32
		{E5BD1504-070F-408F-A64C-C853998B2323}.DebugServer|Win32.ActiveCfg = DebugServer|Win32
		{E5BD1504-070F-408F-A64C-C853998B2323}.DebugServer|Win32.Build.0 = DebugServer|Win32
		{E5BD1504-070F-408F-A64C-C853998B2323}.Release|Win32.ActiveCfg = Release|Win32
		{E5BD1504-070F-408F-A64C-C853998B2323}.Release|Win32.Build.0 = Release|Win32
		{E5BD1504-070F-408F-A64C-C853998B2323}.ReleaseServer|Win32.ActiveCfg = ReleaseServer|Win32
		{E5BD1504-070F-408F-A64C-C853998B2323}.ReleaseServer|Win32.Build.0 = ReleaseServer|Win32
		{4BA62B16-022C-4695-9D4A-6898D791A252}.Debug|Win32.ActiveCfg = Debug|Win32
		{4BA62B16-022C-4695-9D4A-6898D791A252}.Debug|Win32.Build.0 = Debug|Win32
		{4BA62B16-022C-4695-9D4A-6898D791A252}.DebugServer|Win32.ActiveCfg = Debug|Win32
		{4BA62B16-022C-4695-9D4A-6898D791A252}.DebugServer|Win32.Build.0 = Debug|Win32
		{4BA62B16-022C-4695-9D4A-6898D791A252}.Release|Win32.ActiveCfg = Release|Win32
		{4BA62B16-022C-4695-9D4A-6898D791A252}.Release|Win32.Build.0 = Release|Win32
		{4BA62B16-022C-4695-9D4A-6898D791A252}.ReleaseServer|Win32.ActiveCfg = Release|Win32
		{4BA62B16-022C-4695-9D4A-6898D791A252}.ReleaseServer|Win32.Build.0 = Release|Win32
		{A0E8D1E6-DDAB-4084-A736-7D1583510BBB}.Debug|Win32.ActiveCfg = Debug|Win32
		{A0E8D1E6-DDAB-4084-A736-7D1583510BBB}.Debug|Win32.Build.0 = Debug|Win32
		{A0E8D1E6-DDAB-4084-A736-7D1583510BBB}.DebugServer|Win32.ActiveCfg = Debug|Win32
		{A0E8D1E6-DDAB-4084-A736-7D1583510BBB}.DebugServer|Win32.Build.0 = Debug|Win32
		{A0E8D1E6-DDAB-4084-A736-7D1583510BBB}.Release|Win32.ActiveCfg = Release|Win32
		{A0E8D1E6-DDAB-4084-A736-7D1583510BBB}.Release|Win32.Build.0 = Release|Win32
		{A0E8D1E6-DDAB-4084-A736-7D1583510BBB}.ReleaseServer|Win32.ActiveCfg = Release|Win32
		{A0E8D1E6-DDAB-4084-A736-7D1583510BBB}.ReleaseServer|Win32.Build.0 = Release|Win32
		{672C4A05-B20F-4365-B265-6ADDE567466D}.Debug|Win32.ActiveCfg = Debug|Win32
		{672C4A05-B20F-4365-B265-6ADDE567466D}.Debug|Win32.Build.0 = Debug|Win32
		{672C4A05-B20F-4365-B265-6ADDE567466D}.DebugServer|Win32.ActiveCfg = Debug|Win32
		{672C4A05-B20F-4365-B265-6ADDE567466D}.DebugServer|Win32.Build.0 = Debug|Win32
		{672C4A05-B20F-4365-B265-6ADDE567466D}.Release|Win32.ActiveCfg = Release|Win32
		{672C4A05-B20F-4365-B265-6ADDE567466D}.Release|Win32.Build.0 = Release|Win32
		{672C4A05-B20F-4365-B265-6ADDE567466D}.ReleaseServer|Win32.ActiveCfg = Release|Win32
		{672C4A05-B20F-4365-B265-6ADDE567466D}.ReleaseServer|Win32.Build.0 = Release|Win32
		{F2CA2A72-D1C6-462F-90D8-EB14A56897FD}.Debug|Win32.ActiveCfg = Debug|Win32
		{F2CA2A72-D1C6-462F-90D8-EB14A56897FD}.Debug|Win32.Build.0 = Debug|Win32
		{F2CA2A72-D1C6-462F-90D8-EB14A56897FD}.DebugServer|Win32.ActiveCfg = Debug|Win32
		{F2CA2A72-D1C6-462F-90D8-EB14A56897FD}.DebugServer|Win32.Build.0 = Debug|Win32
		{F2CA2A72-D1C6-462F-90D8-EB14A56897FD}.Release|Win32.ActiveCfg = Release|Win32
		{F2CA2A72-D1C6-462F-90D8-EB14A56897FD}.Release|Win32.Build.0 = Release|Win32
		{F2CA2A72-D1C6-462F-90D8-EB14A56897FD}.ReleaseServer|Win32.ActiveCfg = Release|Win32
		{F2CA2A72-D1C6-462F-90D8-EB14A56897FD}.ReleaseServer|Win32.Build.0 = Release|Win32
		{6BED7B85-23E2-4D04-A097-21ED8E4C9E0A}.Debug|Win32.ActiveCfg = Debug|Win32
		{6BED7B85-23E2-4D04-A097-21ED8E4C9E0A}.Debug|Win32.Build.0 = Debug|Win32
		{6BED7B85-23E2-4D04-A097-21ED8E4C9E0A}.DebugServer|Win32.ActiveCfg = Debug|Win32
		{6BED7B85-23E2-4D04-A097-21ED8E4C9E0A}.DebugServer|Win32.Build.0 = Debug|Win32
		{6BED7B85-23E2-4D04-A097-21ED8E4C9E0A}.Release|Win32.ActiveCfg = Release|Win32
		{6BED7B85-23E2-4D04-A097-21ED8E4C9E0A}.Release|Win32.Build.0 = Release|Win32
		{6BED7B85-23E2-4D04-A097-21ED8E4C9E0A}.ReleaseServer|Win32.ActiveCfg = Release|Win32
		{6BED7B85-23E2-4D04-A097-21ED8E4C9E0A}.ReleaseServer|Win32.Build.0 = Release|Win32
		{B5495829-E18F-4373-9051-8716AFA6BC97}.Debug|Win32.ActiveCfg = Debug|Win32
		{B5495829-E18F-4373-9051-8716AFA6BC97}.Debug|Win32.Build.0 = Debug|Win32
		{B5495829-E18F-4373-9051-8716AFA6BC97}.DebugServer|Win32.ActiveCfg = Debug|Win32
		{B5495829-E18F-4373-9051-8716AFA6BC97}.DebugServer|Win32.Build.0 = Debug|Win32
		{B5495829-E18F-4373-9051-8716AFA6BC97}.Release|Win32.ActiveCfg = Release|Win32
		{B5495829-E18F-4373-9051-8716AFA6BC97}.Release|Win32.Build.0 = Release|Win32
		{B5495829-E18F-4373-9051-8716AFA6BC97}.ReleaseServer|Win32.ActiveCfg = Release|Win32
		{B5495829-E18F-4373-9051-8716AFA6BC97}.ReleaseServer|Win32.Build.0 = Release|Win32
	EndGlobalSection
	GlobalSection(SolutionProperties) = preSolution
		HideSolutionNode = FALSE
	EndGlobalSection
EndGlobal
