
Microsoft Visual Studio Solution File, Format Version 10.00
# Visual Studio 2008
Project("{8BC9CEB8-8B4A-11D0-8D11-00A0C91BC942}") = "Threading", "Threading\Threading.vcproj", "{E448394D-33F9-4DFF-A857-E0C6A130B899}"
EndProject
Global
	GlobalSection(SolutionConfigurationPlatforms) = preSolution
		Debug|Win32 = Debug|Win32
		Release|Win32 = Release|Win32
	EndGlobalSection
	GlobalSection(ProjectConfigurationPlatforms) = postSolution
		{E448394D-33F9-4DFF-A857-E0C6A130B899}.Debug|Win32.ActiveCfg = Debug|Win32
		{E448394D-33F9-4DFF-A857-E0C6A130B899}.Debug|Win32.Build.0 = Debug|Win32
		{E448394D-33F9-4DFF-A857-E0C6A130B899}.Release|Win32.ActiveCfg = Release|Win32
		{E448394D-33F9-4DFF-A857-E0C6A130B899}.Release|Win32.Build.0 = Release|Win32
	EndGlobalSection
	GlobalSection(SolutionProperties) = preSolution
		HideSolutionNode = FALSE
	EndGlobalSection
EndGlobal
