
Microsoft Visual Studio Solution File, Format Version 10.00
# Visual Studio 2008
Project("{8BC9CEB8-8B4A-11D0-8D11-00A0C91BC942}") = "TestLogging", "Tests\TestLogging\TestLogging.vcproj", "{F2E85D4A-037E-4A88-9C16-6C6EC5FB580F}"
	ProjectSection(ProjectDependencies) = postProject
		{CF33529C-FBB0-4B61-961F-C1086C65C74E} = {CF33529C-FBB0-4B61-961F-C1086C65C74E}
	EndProjectSection
EndProject
Project("{8BC9CEB8-8B4A-11D0-8D11-00A0C91BC942}") = "Core", "GDE\Core\Core.vcproj", "{CF33529C-FBB0-4B61-961F-C1086C65C74E}"
EndProject
Project("{8BC9CEB8-8B4A-11D0-8D11-00A0C91BC942}") = "TestAssert", "Tests\TestAssert\TestAssert.vcproj", "{AE49CCDC-9998-4355-9B64-A95F698CA903}"
	ProjectSection(ProjectDependencies) = postProject
		{CF33529C-FBB0-4B61-961F-C1086C65C74E} = {CF33529C-FBB0-4B61-961F-C1086C65C74E}
	EndProjectSection
EndProject
Project("{8BC9CEB8-8B4A-11D0-8D11-00A0C91BC942}") = "TestRenderer", "Tests\TestRenderer\TestRenderer.vcproj", "{CF190CCB-3E95-4422-90F9-58089FC9ABB0}"
	ProjectSection(ProjectDependencies) = postProject
		{CF33529C-FBB0-4B61-961F-C1086C65C74E} = {CF33529C-FBB0-4B61-961F-C1086C65C74E}
		{C20C8ACA-D4A1-42B1-B9B8-1D8022FEDB37} = {C20C8ACA-D4A1-42B1-B9B8-1D8022FEDB37}
	EndProjectSection
EndProject
Project("{8BC9CEB8-8B4A-11D0-8D11-00A0C91BC942}") = "TestTexturedRenderer", "Tests\TestTexturedRenderer\TestTexturedRenderer.vcproj", "{B1261A03-D9F5-4E09-8CA1-28DC5DEE4947}"
	ProjectSection(ProjectDependencies) = postProject
		{CF33529C-FBB0-4B61-961F-C1086C65C74E} = {CF33529C-FBB0-4B61-961F-C1086C65C74E}
		{C20C8ACA-D4A1-42B1-B9B8-1D8022FEDB37} = {C20C8ACA-D4A1-42B1-B9B8-1D8022FEDB37}
	EndProjectSection
EndProject
Project("{8BC9CEB8-8B4A-11D0-8D11-00A0C91BC942}") = "Input", "GDE\Input\Input.vcproj", "{6FA3F9A8-35A5-4867-9316-31BB3D3AC520}"
EndProject
Project("{8BC9CEB8-8B4A-11D0-8D11-00A0C91BC942}") = "TestInputAndRenderer", "Tests\TestInputAndRenderer\TestInputAndRenderer.vcproj", "{1EADEB60-9883-4923-9DDF-F17DCE67F43B}"
	ProjectSection(ProjectDependencies) = postProject
		{CF33529C-FBB0-4B61-961F-C1086C65C74E} = {CF33529C-FBB0-4B61-961F-C1086C65C74E}
		{6FA3F9A8-35A5-4867-9316-31BB3D3AC520} = {6FA3F9A8-35A5-4867-9316-31BB3D3AC520}
		{C20C8ACA-D4A1-42B1-B9B8-1D8022FEDB37} = {C20C8ACA-D4A1-42B1-B9B8-1D8022FEDB37}
	EndProjectSection
EndProject
Project("{8BC9CEB8-8B4A-11D0-8D11-00A0C91BC942}") = "TestFontRenderer", "Tests\TestFontRenderer\TestFontRenderer.vcproj", "{A4EAC093-18BD-4A3A-9C49-678D523689BB}"
	ProjectSection(ProjectDependencies) = postProject
		{CF33529C-FBB0-4B61-961F-C1086C65C74E} = {CF33529C-FBB0-4B61-961F-C1086C65C74E}
		{C20C8ACA-D4A1-42B1-B9B8-1D8022FEDB37} = {C20C8ACA-D4A1-42B1-B9B8-1D8022FEDB37}
	EndProjectSection
EndProject
Project("{8BC9CEB8-8B4A-11D0-8D11-00A0C91BC942}") = "TestSpriteRenderer", "Tests\TestSpriteRenderer\TestSpriteRenderer.vcproj", "{4E52ACC9-B563-49B3-AAE3-2814EBBB9D96}"
	ProjectSection(ProjectDependencies) = postProject
		{CF33529C-FBB0-4B61-961F-C1086C65C74E} = {CF33529C-FBB0-4B61-961F-C1086C65C74E}
		{C20C8ACA-D4A1-42B1-B9B8-1D8022FEDB37} = {C20C8ACA-D4A1-42B1-B9B8-1D8022FEDB37}
	EndProjectSection
EndProject
Project("{8BC9CEB8-8B4A-11D0-8D11-00A0C91BC942}") = "TestFileLogger", "Tests\TestFileLogger\TestFileLogger.vcproj", "{DC803270-748C-46F7-867F-978A577FBAFD}"
	ProjectSection(ProjectDependencies) = postProject
		{CF33529C-FBB0-4B61-961F-C1086C65C74E} = {CF33529C-FBB0-4B61-961F-C1086C65C74E}
	EndProjectSection
EndProject
Project("{8BC9CEB8-8B4A-11D0-8D11-00A0C91BC942}") = "TestSpriteAnim", "Tests\TestSpriteAnim\TestSpriteAnim.vcproj", "{E608E07A-0655-459E-8FB7-E13AD7F9C37A}"
	ProjectSection(ProjectDependencies) = postProject
		{CF33529C-FBB0-4B61-961F-C1086C65C74E} = {CF33529C-FBB0-4B61-961F-C1086C65C74E}
		{C20C8ACA-D4A1-42B1-B9B8-1D8022FEDB37} = {C20C8ACA-D4A1-42B1-B9B8-1D8022FEDB37}
	EndProjectSection
EndProject
Project("{8BC9CEB8-8B4A-11D0-8D11-00A0C91BC942}") = "DataParser", "GDE\DataParser\DataParser.vcproj", "{CE300E52-4E6C-4E6C-809D-B1303EAB7F97}"
EndProject
Project("{8BC9CEB8-8B4A-11D0-8D11-00A0C91BC942}") = "TestDataParser", "Tests\TestDataParser\TestDataParser.vcproj", "{3A82FBE7-11DF-4DA5-AC50-6EE76D50A7B2}"
	ProjectSection(ProjectDependencies) = postProject
		{CE300E52-4E6C-4E6C-809D-B1303EAB7F97} = {CE300E52-4E6C-4E6C-809D-B1303EAB7F97}
		{CF33529C-FBB0-4B61-961F-C1086C65C74E} = {CF33529C-FBB0-4B61-961F-C1086C65C74E}
	EndProjectSection
EndProject
Project("{8BC9CEB8-8B4A-11D0-8D11-00A0C91BC942}") = "Maths", "GDE\Maths\Maths.vcproj", "{64533A1A-B39F-4907-8B29-962C87093A06}"
EndProject
Project("{2150E333-8FDC-42A3-9474-1A3956D46DE8}") = "Tests", "Tests", "{949D1E23-3AED-43AF-A5AC-CAC32E37577A}"
EndProject
Project("{2150E333-8FDC-42A3-9474-1A3956D46DE8}") = "DLL Implementations", "DLL Implementations", "{9B0B9F8E-61D5-4723-BEB7-9CDB479FFA9A}"
EndProject
Project("{8BC9CEB8-8B4A-11D0-8D11-00A0C91BC942}") = "Renderer", "GDE\Renderer\Renderer.vcproj", "{C20C8ACA-D4A1-42B1-B9B8-1D8022FEDB37}"
	ProjectSection(ProjectDependencies) = postProject
		{64533A1A-B39F-4907-8B29-962C87093A06} = {64533A1A-B39F-4907-8B29-962C87093A06}
		{CF33529C-FBB0-4B61-961F-C1086C65C74E} = {CF33529C-FBB0-4B61-961F-C1086C65C74E}
	EndProjectSection
EndProject
Project("{8BC9CEB8-8B4A-11D0-8D11-00A0C91BC942}") = "TestMandelbrot", "Tests\TestMandelbrot\TestMandelbrot.vcproj", "{D7BAC1ED-1802-48CA-AD57-C7E1234901BE}"
	ProjectSection(ProjectDependencies) = postProject
		{CE300E52-4E6C-4E6C-809D-B1303EAB7F97} = {CE300E52-4E6C-4E6C-809D-B1303EAB7F97}
		{CF33529C-FBB0-4B61-961F-C1086C65C74E} = {CF33529C-FBB0-4B61-961F-C1086C65C74E}
		{6FA3F9A8-35A5-4867-9316-31BB3D3AC520} = {6FA3F9A8-35A5-4867-9316-31BB3D3AC520}
		{C20C8ACA-D4A1-42B1-B9B8-1D8022FEDB37} = {C20C8ACA-D4A1-42B1-B9B8-1D8022FEDB37}
	EndProjectSection
EndProject
Project("{2150E333-8FDC-42A3-9474-1A3956D46DE8}") = "GD211", "GD211", "{4A1C0826-4C05-4A4A-8606-E8DE4392683D}"
EndProject
Project("{2150E333-8FDC-42A3-9474-1A3956D46DE8}") = "GD220", "GD220", "{6D213EF8-03AB-495F-8529-3AB5E5A255D1}"
EndProject
Project("{2150E333-8FDC-42A3-9474-1A3956D46DE8}") = "GD212", "GD212", "{B92599BB-5DA1-4538-B9E0-C4EC9E6B8589}"
EndProject
Project("{2150E333-8FDC-42A3-9474-1A3956D46DE8}") = "Framework", "Framework", "{295F5587-0CC0-4D22-ABC3-70D8A368C9EA}"
EndProject
Project("{2150E333-8FDC-42A3-9474-1A3956D46DE8}") = "Input", "Input", "{70E84441-A268-44A2-B81C-2CF7C5503E95}"
EndProject
Project("{2150E333-8FDC-42A3-9474-1A3956D46DE8}") = "Renderer", "Renderer", "{7282949F-5A90-4F0E-A3CA-6AF475A313B8}"
EndProject
Project("{2150E333-8FDC-42A3-9474-1A3956D46DE8}") = "GDE", "GDE", "{2614528F-AC91-49D1-B2F0-F09897D9ECC0}"
EndProject
Project("{2150E333-8FDC-42A3-9474-1A3956D46DE8}") = "COLLADA", "COLLADA", "{20340A38-021E-4779-9A5F-E73E31C3A748}"
EndProject
Global
	GlobalSection(SolutionConfigurationPlatforms) = preSolution
		Debug_Exceptions|Win32 = Debug_Exceptions|Win32
		Debug|Win32 = Debug|Win32
		Release_Exceptions|Win32 = Release_Exceptions|Win32
		Release_VLD|Win32 = Release_VLD|Win32
		Release|Win32 = Release|Win32
	EndGlobalSection
	GlobalSection(ProjectConfigurationPlatforms) = postSolution
		{F2E85D4A-037E-4A88-9C16-6C6EC5FB580F}.Debug_Exceptions|Win32.ActiveCfg = Debug_Exceptions|Win32
		{F2E85D4A-037E-4A88-9C16-6C6EC5FB580F}.Debug_Exceptions|Win32.Build.0 = Debug_Exceptions|Win32
		{F2E85D4A-037E-4A88-9C16-6C6EC5FB580F}.Debug|Win32.ActiveCfg = Debug|Win32
		{F2E85D4A-037E-4A88-9C16-6C6EC5FB580F}.Debug|Win32.Build.0 = Debug|Win32
		{F2E85D4A-037E-4A88-9C16-6C6EC5FB580F}.Release_Exceptions|Win32.ActiveCfg = Release_Exceptions|Win32
		{F2E85D4A-037E-4A88-9C16-6C6EC5FB580F}.Release_Exceptions|Win32.Build.0 = Release_Exceptions|Win32
		{F2E85D4A-037E-4A88-9C16-6C6EC5FB580F}.Release_VLD|Win32.ActiveCfg = Release|Win32
		{F2E85D4A-037E-4A88-9C16-6C6EC5FB580F}.Release_VLD|Win32.Build.0 = Release|Win32
		{F2E85D4A-037E-4A88-9C16-6C6EC5FB580F}.Release|Win32.ActiveCfg = Release|Win32
		{F2E85D4A-037E-4A88-9C16-6C6EC5FB580F}.Release|Win32.Build.0 = Release|Win32
		{CF33529C-FBB0-4B61-961F-C1086C65C74E}.Debug_Exceptions|Win32.ActiveCfg = Debug_Exceptions|Win32
		{CF33529C-FBB0-4B61-961F-C1086C65C74E}.Debug_Exceptions|Win32.Build.0 = Debug_Exceptions|Win32
		{CF33529C-FBB0-4B61-961F-C1086C65C74E}.Debug|Win32.ActiveCfg = Debug|Win32
		{CF33529C-FBB0-4B61-961F-C1086C65C74E}.Debug|Win32.Build.0 = Debug|Win32
		{CF33529C-FBB0-4B61-961F-C1086C65C74E}.Release_Exceptions|Win32.ActiveCfg = Release_Exceptions|Win32
		{CF33529C-FBB0-4B61-961F-C1086C65C74E}.Release_Exceptions|Win32.Build.0 = Release_Exceptions|Win32
		{CF33529C-FBB0-4B61-961F-C1086C65C74E}.Release_VLD|Win32.ActiveCfg = Release_VLD|Win32
		{CF33529C-FBB0-4B61-961F-C1086C65C74E}.Release_VLD|Win32.Build.0 = Release_VLD|Win32
		{CF33529C-FBB0-4B61-961F-C1086C65C74E}.Release|Win32.ActiveCfg = Release|Win32
		{CF33529C-FBB0-4B61-961F-C1086C65C74E}.Release|Win32.Build.0 = Release|Win32
		{AE49CCDC-9998-4355-9B64-A95F698CA903}.Debug_Exceptions|Win32.ActiveCfg = Debug_Exceptions|Win32
		{AE49CCDC-9998-4355-9B64-A95F698CA903}.Debug_Exceptions|Win32.Build.0 = Debug_Exceptions|Win32
		{AE49CCDC-9998-4355-9B64-A95F698CA903}.Debug|Win32.ActiveCfg = Debug|Win32
		{AE49CCDC-9998-4355-9B64-A95F698CA903}.Debug|Win32.Build.0 = Debug|Win32
		{AE49CCDC-9998-4355-9B64-A95F698CA903}.Release_Exceptions|Win32.ActiveCfg = Release_Exceptions|Win32
		{AE49CCDC-9998-4355-9B64-A95F698CA903}.Release_Exceptions|Win32.Build.0 = Release_Exceptions|Win32
		{AE49CCDC-9998-4355-9B64-A95F698CA903}.Release_VLD|Win32.ActiveCfg = Release|Win32
		{AE49CCDC-9998-4355-9B64-A95F698CA903}.Release_VLD|Win32.Build.0 = Release|Win32
		{AE49CCDC-9998-4355-9B64-A95F698CA903}.Release|Win32.ActiveCfg = Release|Win32
		{AE49CCDC-9998-4355-9B64-A95F698CA903}.Release|Win32.Build.0 = Release|Win32
		{CF190CCB-3E95-4422-90F9-58089FC9ABB0}.Debug_Exceptions|Win32.ActiveCfg = Debug_Exceptions|Win32
		{CF190CCB-3E95-4422-90F9-58089FC9ABB0}.Debug_Exceptions|Win32.Build.0 = Debug_Exceptions|Win32
		{CF190CCB-3E95-4422-90F9-58089FC9ABB0}.Debug|Win32.ActiveCfg = Debug|Win32
		{CF190CCB-3E95-4422-90F9-58089FC9ABB0}.Debug|Win32.Build.0 = Debug|Win32
		{CF190CCB-3E95-4422-90F9-58089FC9ABB0}.Release_Exceptions|Win32.ActiveCfg = Release_Exceptions|Win32
		{CF190CCB-3E95-4422-90F9-58089FC9ABB0}.Release_Exceptions|Win32.Build.0 = Release_Exceptions|Win32
		{CF190CCB-3E95-4422-90F9-58089FC9ABB0}.Release_VLD|Win32.ActiveCfg = Release|Win32
		{CF190CCB-3E95-4422-90F9-58089FC9ABB0}.Release_VLD|Win32.Build.0 = Release|Win32
		{CF190CCB-3E95-4422-90F9-58089FC9ABB0}.Release|Win32.ActiveCfg = Release|Win32
		{CF190CCB-3E95-4422-90F9-58089FC9ABB0}.Release|Win32.Build.0 = Release|Win32
		{B1261A03-D9F5-4E09-8CA1-28DC5DEE4947}.Debug_Exceptions|Win32.ActiveCfg = Debug_Exceptions|Win32
		{B1261A03-D9F5-4E09-8CA1-28DC5DEE4947}.Debug_Exceptions|Win32.Build.0 = Debug_Exceptions|Win32
		{B1261A03-D9F5-4E09-8CA1-28DC5DEE4947}.Debug|Win32.ActiveCfg = Debug|Win32
		{B1261A03-D9F5-4E09-8CA1-28DC5DEE4947}.Debug|Win32.Build.0 = Debug|Win32
		{B1261A03-D9F5-4E09-8CA1-28DC5DEE4947}.Release_Exceptions|Win32.ActiveCfg = Release_Exceptions|Win32
		{B1261A03-D9F5-4E09-8CA1-28DC5DEE4947}.Release_Exceptions|Win32.Build.0 = Release_Exceptions|Win32
		{B1261A03-D9F5-4E09-8CA1-28DC5DEE4947}.Release_VLD|Win32.ActiveCfg = Release|Win32
		{B1261A03-D9F5-4E09-8CA1-28DC5DEE4947}.Release_VLD|Win32.Build.0 = Release|Win32
		{B1261A03-D9F5-4E09-8CA1-28DC5DEE4947}.Release|Win32.ActiveCfg = Release|Win32
		{B1261A03-D9F5-4E09-8CA1-28DC5DEE4947}.Release|Win32.Build.0 = Release|Win32
		{6FA3F9A8-35A5-4867-9316-31BB3D3AC520}.Debug_Exceptions|Win32.ActiveCfg = Debug_Exceptions|Win32
		{6FA3F9A8-35A5-4867-9316-31BB3D3AC520}.Debug_Exceptions|Win32.Build.0 = Debug_Exceptions|Win32
		{6FA3F9A8-35A5-4867-9316-31BB3D3AC520}.Debug|Win32.ActiveCfg = Debug|Win32
		{6FA3F9A8-35A5-4867-9316-31BB3D3AC520}.Debug|Win32.Build.0 = Debug|Win32
		{6FA3F9A8-35A5-4867-9316-31BB3D3AC520}.Release_Exceptions|Win32.ActiveCfg = Release_Exceptions|Win32
		{6FA3F9A8-35A5-4867-9316-31BB3D3AC520}.Release_Exceptions|Win32.Build.0 = Release_Exceptions|Win32
		{6FA3F9A8-35A5-4867-9316-31BB3D3AC520}.Release_VLD|Win32.ActiveCfg = Release|Win32
		{6FA3F9A8-35A5-4867-9316-31BB3D3AC520}.Release_VLD|Win32.Build.0 = Release|Win32
		{6FA3F9A8-35A5-4867-9316-31BB3D3AC520}.Release|Win32.ActiveCfg = Release|Win32
		{6FA3F9A8-35A5-4867-9316-31BB3D3AC520}.Release|Win32.Build.0 = Release|Win32
		{1EADEB60-9883-4923-9DDF-F17DCE67F43B}.Debug_Exceptions|Win32.ActiveCfg = Debug_Exceptions|Win32
		{1EADEB60-9883-4923-9DDF-F17DCE67F43B}.Debug_Exceptions|Win32.Build.0 = Debug_Exceptions|Win32
		{1EADEB60-9883-4923-9DDF-F17DCE67F43B}.Debug|Win32.ActiveCfg = Debug|Win32
		{1EADEB60-9883-4923-9DDF-F17DCE67F43B}.Debug|Win32.Build.0 = Debug|Win32
		{1EADEB60-9883-4923-9DDF-F17DCE67F43B}.Release_Exceptions|Win32.ActiveCfg = Release_Exceptions|Win32
		{1EADEB60-9883-4923-9DDF-F17DCE67F43B}.Release_Exceptions|Win32.Build.0 = Release_Exceptions|Win32
		{1EADEB60-9883-4923-9DDF-F17DCE67F43B}.Release_VLD|Win32.ActiveCfg = Release|Win32
		{1EADEB60-9883-4923-9DDF-F17DCE67F43B}.Release_VLD|Win32.Build.0 = Release|Win32
		{1EADEB60-9883-4923-9DDF-F17DCE67F43B}.Release|Win32.ActiveCfg = Release|Win32
		{1EADEB60-9883-4923-9DDF-F17DCE67F43B}.Release|Win32.Build.0 = Release|Win32
		{A4EAC093-18BD-4A3A-9C49-678D523689BB}.Debug_Exceptions|Win32.ActiveCfg = Debug_Exceptions|Win32
		{A4EAC093-18BD-4A3A-9C49-678D523689BB}.Debug_Exceptions|Win32.Build.0 = Debug_Exceptions|Win32
		{A4EAC093-18BD-4A3A-9C49-678D523689BB}.Debug|Win32.ActiveCfg = Debug|Win32
		{A4EAC093-18BD-4A3A-9C49-678D523689BB}.Debug|Win32.Build.0 = Debug|Win32
		{A4EAC093-18BD-4A3A-9C49-678D523689BB}.Release_Exceptions|Win32.ActiveCfg = Release_Exceptions|Win32
		{A4EAC093-18BD-4A3A-9C49-678D523689BB}.Release_Exceptions|Win32.Build.0 = Release_Exceptions|Win32
		{A4EAC093-18BD-4A3A-9C49-678D523689BB}.Release_VLD|Win32.ActiveCfg = Release|Win32
		{A4EAC093-18BD-4A3A-9C49-678D523689BB}.Release_VLD|Win32.Build.0 = Release|Win32
		{A4EAC093-18BD-4A3A-9C49-678D523689BB}.Release|Win32.ActiveCfg = Release|Win32
		{A4EAC093-18BD-4A3A-9C49-678D523689BB}.Release|Win32.Build.0 = Release|Win32
		{4E52ACC9-B563-49B3-AAE3-2814EBBB9D96}.Debug_Exceptions|Win32.ActiveCfg = Debug_Exceptions|Win32
		{4E52ACC9-B563-49B3-AAE3-2814EBBB9D96}.Debug_Exceptions|Win32.Build.0 = Debug_Exceptions|Win32
		{4E52ACC9-B563-49B3-AAE3-2814EBBB9D96}.Debug|Win32.ActiveCfg = Debug|Win32
		{4E52ACC9-B563-49B3-AAE3-2814EBBB9D96}.Debug|Win32.Build.0 = Debug|Win32
		{4E52ACC9-B563-49B3-AAE3-2814EBBB9D96}.Release_Exceptions|Win32.ActiveCfg = Release_Exceptions|Win32
		{4E52ACC9-B563-49B3-AAE3-2814EBBB9D96}.Release_Exceptions|Win32.Build.0 = Release_Exceptions|Win32
		{4E52ACC9-B563-49B3-AAE3-2814EBBB9D96}.Release_VLD|Win32.ActiveCfg = Release|Win32
		{4E52ACC9-B563-49B3-AAE3-2814EBBB9D96}.Release_VLD|Win32.Build.0 = Release|Win32
		{4E52ACC9-B563-49B3-AAE3-2814EBBB9D96}.Release|Win32.ActiveCfg = Release|Win32
		{4E52ACC9-B563-49B3-AAE3-2814EBBB9D96}.Release|Win32.Build.0 = Release|Win32
		{DC803270-748C-46F7-867F-978A577FBAFD}.Debug_Exceptions|Win32.ActiveCfg = Debug_Exceptions|Win32
		{DC803270-748C-46F7-867F-978A577FBAFD}.Debug_Exceptions|Win32.Build.0 = Debug_Exceptions|Win32
		{DC803270-748C-46F7-867F-978A577FBAFD}.Debug|Win32.ActiveCfg = Debug|Win32
		{DC803270-748C-46F7-867F-978A577FBAFD}.Debug|Win32.Build.0 = Debug|Win32
		{DC803270-748C-46F7-867F-978A577FBAFD}.Release_Exceptions|Win32.ActiveCfg = Release_Exceptions|Win32
		{DC803270-748C-46F7-867F-978A577FBAFD}.Release_Exceptions|Win32.Build.0 = Release_Exceptions|Win32
		{DC803270-748C-46F7-867F-978A577FBAFD}.Release_VLD|Win32.ActiveCfg = Release|Win32
		{DC803270-748C-46F7-867F-978A577FBAFD}.Release_VLD|Win32.Build.0 = Release|Win32
		{DC803270-748C-46F7-867F-978A577FBAFD}.Release|Win32.ActiveCfg = Release|Win32
		{DC803270-748C-46F7-867F-978A577FBAFD}.Release|Win32.Build.0 = Release|Win32
		{E608E07A-0655-459E-8FB7-E13AD7F9C37A}.Debug_Exceptions|Win32.ActiveCfg = Debug_Exceptions|Win32
		{E608E07A-0655-459E-8FB7-E13AD7F9C37A}.Debug_Exceptions|Win32.Build.0 = Debug_Exceptions|Win32
		{E608E07A-0655-459E-8FB7-E13AD7F9C37A}.Debug|Win32.ActiveCfg = Debug|Win32
		{E608E07A-0655-459E-8FB7-E13AD7F9C37A}.Debug|Win32.Build.0 = Debug|Win32
		{E608E07A-0655-459E-8FB7-E13AD7F9C37A}.Release_Exceptions|Win32.ActiveCfg = Release_Exceptions|Win32
		{E608E07A-0655-459E-8FB7-E13AD7F9C37A}.Release_Exceptions|Win32.Build.0 = Release_Exceptions|Win32
		{E608E07A-0655-459E-8FB7-E13AD7F9C37A}.Release_VLD|Win32.ActiveCfg = Release|Win32
		{E608E07A-0655-459E-8FB7-E13AD7F9C37A}.Release_VLD|Win32.Build.0 = Release|Win32
		{E608E07A-0655-459E-8FB7-E13AD7F9C37A}.Release|Win32.ActiveCfg = Release|Win32
		{E608E07A-0655-459E-8FB7-E13AD7F9C37A}.Release|Win32.Build.0 = Release|Win32
		{CE300E52-4E6C-4E6C-809D-B1303EAB7F97}.Debug_Exceptions|Win32.ActiveCfg = Debug_Exceptions|Win32
		{CE300E52-4E6C-4E6C-809D-B1303EAB7F97}.Debug_Exceptions|Win32.Build.0 = Debug_Exceptions|Win32
		{CE300E52-4E6C-4E6C-809D-B1303EAB7F97}.Debug|Win32.ActiveCfg = Debug|Win32
		{CE300E52-4E6C-4E6C-809D-B1303EAB7F97}.Debug|Win32.Build.0 = Debug|Win32
		{CE300E52-4E6C-4E6C-809D-B1303EAB7F97}.Release_Exceptions|Win32.ActiveCfg = Release_Exceptions|Win32
		{CE300E52-4E6C-4E6C-809D-B1303EAB7F97}.Release_Exceptions|Win32.Build.0 = Release_Exceptions|Win32
		{CE300E52-4E6C-4E6C-809D-B1303EAB7F97}.Release_VLD|Win32.ActiveCfg = Release|Win32
		{CE300E52-4E6C-4E6C-809D-B1303EAB7F97}.Release_VLD|Win32.Build.0 = Release|Win32
		{CE300E52-4E6C-4E6C-809D-B1303EAB7F97}.Release|Win32.ActiveCfg = Release|Win32
		{CE300E52-4E6C-4E6C-809D-B1303EAB7F97}.Release|Win32.Build.0 = Release|Win32
		{3A82FBE7-11DF-4DA5-AC50-6EE76D50A7B2}.Debug_Exceptions|Win32.ActiveCfg = Debug_Exceptions|Win32
		{3A82FBE7-11DF-4DA5-AC50-6EE76D50A7B2}.Debug_Exceptions|Win32.Build.0 = Debug_Exceptions|Win32
		{3A82FBE7-11DF-4DA5-AC50-6EE76D50A7B2}.Debug|Win32.ActiveCfg = Debug|Win32
		{3A82FBE7-11DF-4DA5-AC50-6EE76D50A7B2}.Debug|Win32.Build.0 = Debug|Win32
		{3A82FBE7-11DF-4DA5-AC50-6EE76D50A7B2}.Release_Exceptions|Win32.ActiveCfg = Release_Exceptions|Win32
		{3A82FBE7-11DF-4DA5-AC50-6EE76D50A7B2}.Release_Exceptions|Win32.Build.0 = Release_Exceptions|Win32
		{3A82FBE7-11DF-4DA5-AC50-6EE76D50A7B2}.Release_VLD|Win32.ActiveCfg = Release|Win32
		{3A82FBE7-11DF-4DA5-AC50-6EE76D50A7B2}.Release_VLD|Win32.Build.0 = Release|Win32
		{3A82FBE7-11DF-4DA5-AC50-6EE76D50A7B2}.Release|Win32.ActiveCfg = Release|Win32
		{3A82FBE7-11DF-4DA5-AC50-6EE76D50A7B2}.Release|Win32.Build.0 = Release|Win32
		{64533A1A-B39F-4907-8B29-962C87093A06}.Debug_Exceptions|Win32.ActiveCfg = Debug_Exceptions|Win32
		{64533A1A-B39F-4907-8B29-962C87093A06}.Debug_Exceptions|Win32.Build.0 = Debug_Exceptions|Win32
		{64533A1A-B39F-4907-8B29-962C87093A06}.Debug|Win32.ActiveCfg = Debug|Win32
		{64533A1A-B39F-4907-8B29-962C87093A06}.Debug|Win32.Build.0 = Debug|Win32
		{64533A1A-B39F-4907-8B29-962C87093A06}.Release_Exceptions|Win32.ActiveCfg = Release_Exceptions|Win32
		{64533A1A-B39F-4907-8B29-962C87093A06}.Release_Exceptions|Win32.Build.0 = Release_Exceptions|Win32
		{64533A1A-B39F-4907-8B29-962C87093A06}.Release_VLD|Win32.ActiveCfg = Release|Win32
		{64533A1A-B39F-4907-8B29-962C87093A06}.Release_VLD|Win32.Build.0 = Release|Win32
		{64533A1A-B39F-4907-8B29-962C87093A06}.Release|Win32.ActiveCfg = Release|Win32
		{64533A1A-B39F-4907-8B29-962C87093A06}.Release|Win32.Build.0 = Release|Win32
		{C20C8ACA-D4A1-42B1-B9B8-1D8022FEDB37}.Debug_Exceptions|Win32.ActiveCfg = Debug_Exceptions|Win32
		{C20C8ACA-D4A1-42B1-B9B8-1D8022FEDB37}.Debug_Exceptions|Win32.Build.0 = Debug_Exceptions|Win32
		{C20C8ACA-D4A1-42B1-B9B8-1D8022FEDB37}.Debug|Win32.ActiveCfg = Debug|Win32
		{C20C8ACA-D4A1-42B1-B9B8-1D8022FEDB37}.Debug|Win32.Build.0 = Debug|Win32
		{C20C8ACA-D4A1-42B1-B9B8-1D8022FEDB37}.Release_Exceptions|Win32.ActiveCfg = Release_Exceptions|Win32
		{C20C8ACA-D4A1-42B1-B9B8-1D8022FEDB37}.Release_Exceptions|Win32.Build.0 = Release_Exceptions|Win32
		{C20C8ACA-D4A1-42B1-B9B8-1D8022FEDB37}.Release_VLD|Win32.ActiveCfg = Release|Win32
		{C20C8ACA-D4A1-42B1-B9B8-1D8022FEDB37}.Release_VLD|Win32.Build.0 = Release|Win32
		{C20C8ACA-D4A1-42B1-B9B8-1D8022FEDB37}.Release|Win32.ActiveCfg = Release|Win32
		{C20C8ACA-D4A1-42B1-B9B8-1D8022FEDB37}.Release|Win32.Build.0 = Release|Win32
		{D7BAC1ED-1802-48CA-AD57-C7E1234901BE}.Debug_Exceptions|Win32.ActiveCfg = Debug_Exceptions|Win32
		{D7BAC1ED-1802-48CA-AD57-C7E1234901BE}.Debug_Exceptions|Win32.Build.0 = Debug_Exceptions|Win32
		{D7BAC1ED-1802-48CA-AD57-C7E1234901BE}.Debug|Win32.ActiveCfg = Debug|Win32
		{D7BAC1ED-1802-48CA-AD57-C7E1234901BE}.Debug|Win32.Build.0 = Debug|Win32
		{D7BAC1ED-1802-48CA-AD57-C7E1234901BE}.Release_Exceptions|Win32.ActiveCfg = Release_Exceptions|Win32
		{D7BAC1ED-1802-48CA-AD57-C7E1234901BE}.Release_Exceptions|Win32.Build.0 = Release_Exceptions|Win32
		{D7BAC1ED-1802-48CA-AD57-C7E1234901BE}.Release_VLD|Win32.ActiveCfg = Release|Win32
		{D7BAC1ED-1802-48CA-AD57-C7E1234901BE}.Release_VLD|Win32.Build.0 = Release|Win32
		{D7BAC1ED-1802-48CA-AD57-C7E1234901BE}.Release|Win32.ActiveCfg = Release|Win32
		{D7BAC1ED-1802-48CA-AD57-C7E1234901BE}.Release|Win32.Build.0 = Release|Win32
	EndGlobalSection
	GlobalSection(SolutionProperties) = preSolution
		HideSolutionNode = FALSE
	EndGlobalSection
	GlobalSection(NestedProjects) = preSolution
		{295F5587-0CC0-4D22-ABC3-70D8A368C9EA} = {949D1E23-3AED-43AF-A5AC-CAC32E37577A}
		{B92599BB-5DA1-4538-B9E0-C4EC9E6B8589} = {949D1E23-3AED-43AF-A5AC-CAC32E37577A}
		{4A1C0826-4C05-4A4A-8606-E8DE4392683D} = {949D1E23-3AED-43AF-A5AC-CAC32E37577A}
		{6D213EF8-03AB-495F-8529-3AB5E5A255D1} = {949D1E23-3AED-43AF-A5AC-CAC32E37577A}
		{6FA3F9A8-35A5-4867-9316-31BB3D3AC520} = {2614528F-AC91-49D1-B2F0-F09897D9ECC0}
		{CE300E52-4E6C-4E6C-809D-B1303EAB7F97} = {2614528F-AC91-49D1-B2F0-F09897D9ECC0}
		{64533A1A-B39F-4907-8B29-962C87093A06} = {2614528F-AC91-49D1-B2F0-F09897D9ECC0}
		{C20C8ACA-D4A1-42B1-B9B8-1D8022FEDB37} = {2614528F-AC91-49D1-B2F0-F09897D9ECC0}
		{CF33529C-FBB0-4B61-961F-C1086C65C74E} = {2614528F-AC91-49D1-B2F0-F09897D9ECC0}
		{A4EAC093-18BD-4A3A-9C49-678D523689BB} = {295F5587-0CC0-4D22-ABC3-70D8A368C9EA}
		{AE49CCDC-9998-4355-9B64-A95F698CA903} = {295F5587-0CC0-4D22-ABC3-70D8A368C9EA}
		{7282949F-5A90-4F0E-A3CA-6AF475A313B8} = {B92599BB-5DA1-4538-B9E0-C4EC9E6B8589}
		{20340A38-021E-4779-9A5F-E73E31C3A748} = {B92599BB-5DA1-4538-B9E0-C4EC9E6B8589}
		{CF190CCB-3E95-4422-90F9-58089FC9ABB0} = {7282949F-5A90-4F0E-A3CA-6AF475A313B8}
		{B1261A03-D9F5-4E09-8CA1-28DC5DEE4947} = {7282949F-5A90-4F0E-A3CA-6AF475A313B8}
		{4E52ACC9-B563-49B3-AAE3-2814EBBB9D96} = {4A1C0826-4C05-4A4A-8606-E8DE4392683D}
		{DC803270-748C-46F7-867F-978A577FBAFD} = {4A1C0826-4C05-4A4A-8606-E8DE4392683D}
		{E608E07A-0655-459E-8FB7-E13AD7F9C37A} = {4A1C0826-4C05-4A4A-8606-E8DE4392683D}
		{3A82FBE7-11DF-4DA5-AC50-6EE76D50A7B2} = {4A1C0826-4C05-4A4A-8606-E8DE4392683D}
		{F2E85D4A-037E-4A88-9C16-6C6EC5FB580F} = {4A1C0826-4C05-4A4A-8606-E8DE4392683D}
		{D7BAC1ED-1802-48CA-AD57-C7E1234901BE} = {4A1C0826-4C05-4A4A-8606-E8DE4392683D}
		{1EADEB60-9883-4923-9DDF-F17DCE67F43B} = {4A1C0826-4C05-4A4A-8606-E8DE4392683D}
		{70E84441-A268-44A2-B81C-2CF7C5503E95} = {9B0B9F8E-61D5-4723-BEB7-9CDB479FFA9A}
	EndGlobalSection
EndGlobal
