
Microsoft Visual Studio Solution File, Format Version 10.00
# Visual Studio 2008
Project("{8BC9CEB8-8B4A-11D0-8D11-00A0C91BC942}") = "GrumpyBirds", "GrumpyBirds\GrumpyBirds.vcproj", "{FE5CAAA3-FFAB-4223-B9BD-98D0007E5F52}"
	ProjectSection(ProjectDependencies) = postProject
		{E5BD1504-070F-408F-A64C-C853998B2323} = {E5BD1504-070F-408F-A64C-C853998B2323}
	EndProjectSection
EndProject
Project("{8BC9CEB8-8B4A-11D0-8D11-00A0C91BC942}") = "GazEngine", "GazEngine\GazEngine.vcproj", "{E5BD1504-070F-408F-A64C-C853998B2323}"
EndProject
Global
	GlobalSection(SolutionConfigurationPlatforms) = preSolution
		Debug|Win32 = Debug|Win32
		DebugServer|Win32 = DebugServer|Win32
		Release|Win32 = Release|Win32
		ReleaseServer|Win32 = ReleaseServer|Win32
	EndGlobalSection
	GlobalSection(ProjectConfigurationPlatforms) = postSolution
		{FE5CAAA3-FFAB-4223-B9BD-98D0007E5F52}.Debug|Win32.ActiveCfg = Debug|Win32
		{FE5CAAA3-FFAB-4223-B9BD-98D0007E5F52}.Debug|Win32.Build.0 = Debug|Win32
		{FE5CAAA3-FFAB-4223-B9BD-98D0007E5F52}.DebugServer|Win32.ActiveCfg = Debug|Win32
		{FE5CAAA3-FFAB-4223-B9BD-98D0007E5F52}.DebugServer|Win32.Build.0 = Debug|Win32
		{FE5CAAA3-FFAB-4223-B9BD-98D0007E5F52}.Release|Win32.ActiveCfg = Release|Win32
		{FE5CAAA3-FFAB-4223-B9BD-98D0007E5F52}.Release|Win32.Build.0 = Release|Win32
		{FE5CAAA3-FFAB-4223-B9BD-98D0007E5F52}.ReleaseServer|Win32.ActiveCfg = Release|Win32
		{FE5CAAA3-FFAB-4223-B9BD-98D0007E5F52}.ReleaseServer|Win32.Build.0 = Release|Win32
		{E5BD1504-070F-408F-A64C-C853998B2323}.Debug|Win32.ActiveCfg = Debug|Win32
		{E5BD1504-070F-408F-A64C-C853998B2323}.Debug|Win32.Build.0 = Debug|Win32
		{E5BD1504-070F-408F-A64C-C853998B2323}.DebugServer|Win32.ActiveCfg = DebugServer|Win32
		{E5BD1504-070F-408F-A64C-C853998B2323}.DebugServer|Win32.Build.0 = DebugServer|Win32
		{E5BD1504-070F-408F-A64C-C853998B2323}.Release|Win32.ActiveCfg = Release|Win32
		{E5BD1504-070F-408F-A64C-C853998B2323}.Release|Win32.Build.0 = Release|Win32
		{E5BD1504-070F-408F-A64C-C853998B2323}.ReleaseServer|Win32.ActiveCfg = ReleaseServer|Win32
		{E5BD1504-070F-408F-A64C-C853998B2323}.ReleaseServer|Win32.Build.0 = ReleaseServer|Win32
	EndGlobalSection
	GlobalSection(SolutionProperties) = preSolution
		HideSolutionNode = FALSE
	EndGlobalSection
EndGlobal
